// !$*UTF8*$!
{
	archiveVersion = 1;
	classes = {
	};
	objectVersion = 46;
	objects = {

/* Begin PBXBuildFile section */
		49A288331A9F31E800F3D97B /* AppDelegate.swift in Sources */ = {isa = PBXBuildFile; fileRef = 49A288321A9F31E800F3D97B /* AppDelegate.swift */; };
		49A288351A9F31E800F3D97B /* ViewController.swift in Sources */ = {isa = PBXBuildFile; fileRef = 49A288341A9F31E800F3D97B /* ViewController.swift */; };
		49A288381A9F31E800F3D97B /* Main.storyboard in Resources */ = {isa = PBXBuildFile; fileRef = 49A288361A9F31E800F3D97B /* Main.storyboard */; };
		49A2883A1A9F31E800F3D97B /* Images.xcassets in Resources */ = {isa = PBXBuildFile; fileRef = 49A288391A9F31E800F3D97B /* Images.xcassets */; };
		49A2883D1A9F31E800F3D97B /* LaunchScreen.xib in Resources */ = {isa = PBXBuildFile; fileRef = 49A2883B1A9F31E800F3D97B /* LaunchScreen.xib */; };
		49A288491A9F31E800F3D97B /* HellGlow_WorldTests.swift in Sources */ = {isa = PBXBuildFile; fileRef = 49A288481A9F31E800F3D97B /* HellGlow_WorldTests.swift */; };
/* End PBXBuildFile section */

/* Begin PBXContainerItemProxy section */
		49A288431A9F31E800F3D97B /* PBXContainerItemProxy */ = {
			isa = PBXContainerItemProxy;
			containerPortal = 49A288251A9F31E800F3D97B /* Project object */;
			proxyType = 1;
			remoteGlobalIDString = 49A2882C1A9F31E800F3D97B;
			remoteInfo = "HellGlow World";
		};
/* End PBXContainerItemProxy section */

/* Begin PBXFileReference section */
		49A2882D1A9F31E800F3D97B /* HellGlow World.app */ = {isa = PBXFileReference; explicitFileType = wrapper.application; includeInIndex = 0; path = "HellGlow World.app"; sourceTree = BUILT_PRODUCTS_DIR; };
		49A288311A9F31E800F3D97B /* Info.plist */ = {isa = PBXFileReference; lastKnownFileType = text.plist.xml; path = Info.plist; sourceTree = "<group>"; };
		49A288321A9F31E800F3D97B /* AppDelegate.swift */ = {isa = PBXFileReference; lastKnownFileType = sourcecode.swift; path = AppDelegate.swift; sourceTree = "<group>"; };
		49A288341A9F31E800F3D97B /* ViewController.swift */ = {isa = PBXFileReference; lastKnownFileType = sourcecode.swift; path = ViewController.swift; sourceTree = "<group>"; };
		49A288371A9F31E800F3D97B /* Base */ = {isa = PBXFileReference; lastKnownFileType = file.storyboard; name = Base; path = Base.lproj/Main.storyboard; sourceTree = "<group>"; };
		49A288391A9F31E800F3D97B /* Images.xcassets */ = {isa = PBXFileReference; lastKnownFileType = folder.assetcatalog; path = Images.xcassets; sourceTree = "<group>"; };
		49A2883C1A9F31E800F3D97B /* Base */ = {isa = PBXFileReference; lastKnownFileType = file.xib; name = Base; path = Base.lproj/LaunchScreen.xib; sourceTree = "<group>"; };
		49A288421A9F31E800F3D97B /* HellGlow WorldTests.xctest */ = {isa = PBXFileReference; explicitFileType = wrapper.cfbundle; includeInIndex = 0; path = "HellGlow WorldTests.xctest"; sourceTree = BUILT_PRODUCTS_DIR; };
		49A288471A9F31E800F3D97B /* Info.plist */ = {isa = PBXFileReference; lastKnownFileType = text.plist.xml; path = Info.plist; sourceTree = "<group>"; };
		49A288481A9F31E800F3D97B /* HellGlow_WorldTests.swift */ = {isa = PBXFileReference; lastKnownFileType = sourcecode.swift; path = HellGlow_WorldTests.swift; sourceTree = "<group>"; };
/* End PBXFileReference section */

/* Begin PBXFrameworksBuildPhase section */
		49A2882A1A9F31E800F3D97B /* Frameworks */ = {
			isa = PBXFrameworksBuildPhase;
			buildActionMask = 2147483647;
			files = (
			);
			runOnlyForDeploymentPostprocessing = 0;
		};
		49A2883F1A9F31E800F3D97B /* Frameworks */ = {
			isa = PBXFrameworksBuildPhase;
			buildActionMask = 2147483647;
			files = (
			);
			runOnlyForDeploymentPostprocessing = 0;
		};
/* End PBXFrameworksBuildPhase section */

/* Begin PBXGroup section */
		49A288241A9F31E800F3D97B = {
			isa = PBXGroup;
			children = (
				49A2882F1A9F31E800F3D97B /* HellGlow World */,
				49A288451A9F31E800F3D97B /* HellGlow WorldTests */,
				49A2882E1A9F31E800F3D97B /* Products */,
			);
			sourceTree = "<group>";
		};
		49A2882E1A9F31E800F3D97B /* Products */ = {
			isa = PBXGroup;
			children = (
				49A2882D1A9F31E800F3D97B /* HellGlow World.app */,
				49A288421A9F31E800F3D97B /* HellGlow WorldTests.xctest */,
			);
			name = Products;
			sourceTree = "<group>";
		};
		49A2882F1A9F31E800F3D97B /* HellGlow World */ = {
			isa = PBXGroup;
			children = (
				49A288321A9F31E800F3D97B /* AppDelegate.swift */,
				49A288341A9F31E800F3D97B /* ViewController.swift */,
				49A288361A9F31E800F3D97B /* Main.storyboard */,
				49A288391A9F31E800F3D97B /* Images.xcassets */,
				49A2883B1A9F31E800F3D97B /* LaunchScreen.xib */,
				49A288301A9F31E800F3D97B /* Supporting Files */,
			);
			path = "HellGlow World";
			sourceTree = "<group>";
		};
		49A288301A9F31E800F3D97B /* Supporting Files */ = {
			isa = PBXGroup;
			children = (
				49A288311A9F31E800F3D97B /* Info.plist */,
			);
			name = "Supporting Files";
			sourceTree = "<group>";
		};
		49A288451A9F31E800F3D97B /* HellGlow WorldTests */ = {
			isa = PBXGroup;
			children = (
				49A288481A9F31E800F3D97B /* HellGlow_WorldTests.swift */,
				49A288461A9F31E800F3D97B /* Supporting Files */,
			);
			path = "HellGlow WorldTests";
			sourceTree = "<group>";
		};
		49A288461A9F31E800F3D97B /* Supporting Files */ = {
			isa = PBXGroup;
			children = (
				49A288471A9F31E800F3D97B /* Info.plist */,
			);
			name = "Supporting Files";
			sourceTree = "<group>";
		};
/* End PBXGroup section */

/* Begin PBXNativeTarget section */
		49A2882C1A9F31E800F3D97B /* HellGlow World */ = {
			isa = PBXNativeTarget;
			buildConfigurationList = 49A2884C1A9F31E800F3D97B /* Build configuration list for PBXNativeTarget "HellGlow World" */;
			buildPhases = (
				49A288291A9F31E800F3D97B /* Sources */,
				49A2882A1A9F31E800F3D97B /* Frameworks */,
				49A2882B1A9F31E800F3D97B /* Resources */,
			);
			buildRules = (
			);
			dependencies = (
			);
			name = "HellGlow World";
			productName = "HellGlow World";
			productReference = 49A2882D1A9F31E800F3D97B /* HellGlow World.app */;
			productType = "com.apple.product-type.application";
		};
		49A288411A9F31E800F3D97B /* HellGlow WorldTests */ = {
			isa = PBXNativeTarget;
			buildConfigurationList = 49A2884F1A9F31E800F3D97B /* Build configuration list for PBXNativeTarget "HellGlow WorldTests" */;
			buildPhases = (
				49A2883E1A9F31E800F3D97B /* Sources */,
				49A2883F1A9F31E800F3D97B /* Frameworks */,
				49A288401A9F31E800F3D97B /* Resources */,
			);
			buildRules = (
			);
			dependencies = (
				49A288441A9F31E800F3D97B /* PBXTargetDependency */,
			);
			name = "HellGlow WorldTests";
			productName = "HellGlow WorldTests";
			productReference = 49A288421A9F31E800F3D97B /* HellGlow WorldTests.xctest */;
			productType = "com.apple.product-type.bundle.unit-test";
		};
/* End PBXNativeTarget section */

/* Begin PBXProject section */
		49A288251A9F31E800F3D97B /* Project object */ = {
			isa = PBXProject;
			attributes = {
				LastUpgradeCheck = 0610;
				ORGANIZATIONNAME = Bas;
				TargetAttributes = {
					49A2882C1A9F31E800F3D97B = {
						CreatedOnToolsVersion = 6.1.1;
					};
					49A288411A9F31E800F3D97B = {
						CreatedOnToolsVersion = 6.1.1;
						TestTargetID = 49A2882C1A9F31E800F3D97B;
					};
				};
			};
			buildConfigurationList = 49A288281A9F31E800F3D97B /* Build configuration list for PBXProject "HellGlow World" */;
			compatibilityVersion = "Xcode 3.2";
			developmentRegion = English;
			hasScannedForEncodings = 0;
			knownRegions = (
				en,
				Base,
			);
			mainGroup = 49A288241A9F31E800F3D97B;
			productRefGroup = 49A2882E1A9F31E800F3D97B /* Products */;
			projectDirPath = "";
			projectRoot = "";
			targets = (
				49A2882C1A9F31E800F3D97B /* HellGlow World */,
				49A288411A9F31E800F3D97B /* HellGlow WorldTests */,
			);
		};
/* End PBXProject section */

/* Begin PBXResourcesBuildPhase section */
		49A2882B1A9F31E800F3D97B /* Resources */ = {
			isa = PBXResourcesBuildPhase;
			buildActionMask = 2147483647;
			files = (
				49A288381A9F31E800F3D97B /* Main.storyboard in Resources */,
				49A2883D1A9F31E800F3D97B /* LaunchScreen.xib in Resources */,
				49A2883A1A9F31E800F3D97B /* Images.xcassets in Resources */,
			);
			runOnlyForDeploymentPostprocessing = 0;
		};
		49A288401A9F31E800F3D97B /* Resources */ = {
			isa = PBXResourcesBuildPhase;
			buildActionMask = 2147483647;
			files = (
			);
			runOnlyForDeploymentPostprocessing = 0;
		};
/* End PBXResourcesBuildPhase section */

/* Begin PBXSourcesBuildPhase section */
		49A288291A9F31E800F3D97B /* Sources */ = {
			isa = PBXSourcesBuildPhase;
			buildActionMask = 2147483647;
			files = (
				49A288351A9F31E800F3D97B /* ViewController.swift in Sources */,
				49A288331A9F31E800F3D97B /* AppDelegate.swift in Sources */,
			);
			runOnlyForDeploymentPostprocessing = 0;
		};
		49A2883E1A9F31E800F3D97B /* Sources */ = {
			isa = PBXSourcesBuildPhase;
			buildActionMask = 2147483647;
			files = (
				49A288491A9F31E800F3D97B /* HellGlow_WorldTests.swift in Sources */,
			);
			runOnlyForDeploymentPostprocessing = 0;
		};
/* End PBXSourcesBuildPhase section */

/* Begin PBXTargetDependency section */
		49A288441A9F31E800F3D97B /* PBXTargetDependency */ = {
			isa = PBXTargetDependency;
			target = 49A2882C1A9F31E800F3D97B /* HellGlow World */;
			targetProxy = 49A288431A9F31E800F3D97B /* PBXContainerItemProxy */;
		};
/* End PBXTargetDependency section */

/* Begin PBXVariantGroup section */
		49A288361A9F31E800F3D97B /* Main.storyboard */ = {
			isa = PBXVariantGroup;
			children = (
				49A288371A9F31E800F3D97B /* Base */,
			);
			name = Main.storyboard;
			sourceTree = "<group>";
		};
		49A2883B1A9F31E800F3D97B /* LaunchScreen.xib */ = {
			isa = PBXVariantGroup;
			children = (
				49A2883C1A9F31E800F3D97B /* Base */,
			);
			name = LaunchScreen.xib;
			sourceTree = "<group>";
		};
/* End PBXVariantGroup section */

/* Begin XCBuildConfiguration section */
		49A2884A1A9F31E800F3D97B /* Debug */ = {
			isa = XCBuildConfiguration;
			buildSettings = {
				ALWAYS_SEARCH_USER_PATHS = NO;
				CLANG_CXX_LANGUAGE_STANDARD = "gnu++0x";
				CLANG_CXX_LIBRARY = "libc++";
				CLANG_ENABLE_MODULES = YES;
				CLANG_ENABLE_OBJC_ARC = YES;
				CLANG_WARN_BOOL_CONVERSION = YES;
				CLANG_WARN_CONSTANT_CONVERSION = YES;
				CLANG_WARN_DIRECT_OBJC_ISA_USAGE = YES_ERROR;
				CLANG_WARN_EMPTY_BODY = YES;
				CLANG_WARN_ENUM_CONVERSION = YES;
				CLANG_WARN_INT_CONVERSION = YES;
				CLANG_WARN_OBJC_ROOT_CLASS = YES_ERROR;
				CLANG_WARN_UNREACHABLE_CODE = YES;
				CLANG_WARN__DUPLICATE_METHOD_MATCH = YES;
				"CODE_SIGN_IDENTITY[sdk=iphoneos*]" = "iPhone Developer";
				COPY_PHASE_STRIP = NO;
				ENABLE_STRICT_OBJC_MSGSEND = YES;
				GCC_C_LANGUAGE_STANDARD = gnu99;
				GCC_DYNAMIC_NO_PIC = NO;
				GCC_OPTIMIZATION_LEVEL = 0;
				GCC_PREPROCESSOR_DEFINITIONS = (
					"DEBUG=1",
					"$(inherited)",
				);
				GCC_SYMBOLS_PRIVATE_EXTERN = NO;
				GCC_WARN_64_TO_32_BIT_CONVERSION = YES;
				GCC_WARN_ABOUT_RETURN_TYPE = YES_ERROR;
				GCC_WARN_UNDECLARED_SELECTOR = YES;
				GCC_WARN_UNINITIALIZED_AUTOS = YES_AGGRESSIVE;
				GCC_WARN_UNUSED_FUNCTION = YES;
				GCC_WARN_UNUSED_VARIABLE = YES;
				IPHONEOS_DEPLOYMENT_TARGET = 8.1;
				MTL_ENABLE_DEBUG_INFO = YES;
				ONLY_ACTIVE_ARCH = YES;
				SDKROOT = iphoneos;
				SWIFT_OPTIMIZATION_LEVEL = "-Onone";
			};
			name = Debug;
		};
		49A2884B1A9F31E800F3D97B /* Release */ = {
			isa = XCBuildConfiguration;
			buildSettings = {
				ALWAYS_SEARCH_USER_PATHS = NO;
				CLANG_CXX_LANGUAGE_STANDARD = "gnu++0x";
				CLANG_CXX_LIBRARY = "libc++";
				CLANG_ENABLE_MODULES = YES;
				CLANG_ENABLE_OBJC_ARC = YES;
				CLANG_WARN_BOOL_CONVERSION = YES;
				CLANG_WARN_CONSTANT_CONVERSION = YES;
				CLANG_WARN_DIRECT_OBJC_ISA_USAGE = YES_ERROR;
				CLANG_WARN_EMPTY_BODY = YES;
				CLANG_WARN_ENUM_CONVERSION = YES;
				CLANG_WARN_INT_CONVERSION = YES;
				CLANG_WARN_OBJC_ROOT_CLASS = YES_ERROR;
				CLANG_WARN_UNREACHABLE_CODE = YES;
				CLANG_WARN__DUPLICATE_METHOD_MATCH = YES;
				"CODE_SIGN_IDENTITY[sdk=iphoneos*]" = "iPhone Developer";
				COPY_PHASE_STRIP = YES;
				ENABLE_NS_ASSERTIONS = NO;
				ENABLE_STRICT_OBJC_MSGSEND = YES;
				GCC_C_LANGUAGE_STANDARD = gnu99;
				GCC_WARN_64_TO_32_BIT_CONVERSION = YES;
				GCC_WARN_ABOUT_RETURN_TYPE = YES_ERROR;
				GCC_WARN_UNDECLARED_SELECTOR = YES;
				GCC_WARN_UNINITIALIZED_AUTOS = YES_AGGRESSIVE;
				GCC_WARN_UNUSED_FUNCTION = YES;
				GCC_WARN_UNUSED_VARIABLE = YES;
				IPHONEOS_DEPLOYMENT_TARGET = 8.1;
				MTL_ENABLE_DEBUG_INFO = NO;
				SDKROOT = iphoneos;
				VALIDATE_PRODUCT = YES;
			};
			name = Release;
		};
		49A2884D1A9F31E800F3D97B /* Debug */ = {
			isa = XCBuildConfiguration;
			buildSettings = {
				ASSETCATALOG_COMPILER_APPICON_NAME = AppIcon;
				INFOPLIST_FILE = "HellGlow World/Info.plist";
				LD_RUNPATH_SEARCH_PATHS = "$(inherited) @executable_path/Frameworks";
				PRODUCT_NAME = "$(TARGET_NAME)";
			};
			name = Debug;
		};
		49A2884E1A9F31E800F3D97B /* Release */ = {
			isa = XCBuildConfiguration;
			buildSettings = {
				ASSETCATALOG_COMPILER_APPICON_NAME = AppIcon;
				INFOPLIST_FILE = "HellGlow World/Info.plist";
				LD_RUNPATH_SEARCH_PATHS = "$(inherited) @executable_path/Frameworks";
				PRODUCT_NAME = "$(TARGET_NAME)";
			};
			name = Release;
		};
		49A288501A9F31E800F3D97B /* Debug */ = {
			isa = XCBuildConfiguration;
			buildSettings = {
				BUNDLE_LOADER = "$(TEST_HOST)";
				FRAMEWORK_SEARCH_PATHS = (
					"$(SDKROOT)/Developer/Library/Frameworks",
					"$(inherited)",
				);
				GCC_PREPROCESSOR_DEFINITIONS = (
					"DEBUG=1",
					"$(inherited)",
				);
				INFOPLIST_FILE = "HellGlow WorldTests/Info.plist";
				LD_RUNPATH_SEARCH_PATHS = "$(inherited) @executable_path/Frameworks @loader_path/Frameworks";
				PRODUCT_NAME = "$(TARGET_NAME)";
				TEST_HOST = "$(BUILT_PRODUCTS_DIR)/HellGlow World.app/HellGlow World";
			};
			name = Debug;
		};
		49A288511A9F31E800F3D97B /* Release */ = {
			isa = XCBuildConfiguration;
			buildSettings = {
				BUNDLE_LOADER = "$(TEST_HOST)";
				FRAMEWORK_SEARCH_PATHS = (
					"$(SDKROOT)/Developer/Library/Frameworks",
					"$(inherited)",
				);
				INFOPLIST_FILE = "HellGlow WorldTests/Info.plist";
				LD_RUNPATH_SEARCH_PATHS = "$(inherited) @executable_path/Frameworks @loader_path/Frameworks";
				PRODUCT_NAME = "$(TARGET_NAME)";
				TEST_HOST = "$(BUILT_PRODUCTS_DIR)/HellGlow World.app/HellGlow World";
			};
			name = Release;
		};
/* End XCBuildConfiguration section */

/* Begin XCConfigurationList section */
		49A288281A9F31E800F3D97B /* Build configuration list for PBXProject "HellGlow World" */ = {
			isa = XCConfigurationList;
			buildConfigurations = (
				49A2884A1A9F31E800F3D97B /* Debug */,
				49A2884B1A9F31E800F3D97B /* Release */,
			);
			defaultConfigurationIsVisible = 0;
			defaultConfigurationName = Release;
		};
		49A2884C1A9F31E800F3D97B /* Build configuration list for PBXNativeTarget "HellGlow World" */ = {
			isa = XCConfigurationList;
			buildConfigurations = (
				49A2884D1A9F31E800F3D97B /* Debug */,
				49A2884E1A9F31E800F3D97B /* Release */,
			);
			defaultConfigurationIsVisible = 0;
		};
		49A2884F1A9F31E800F3D97B /* Build configuration list for PBXNativeTarget "HellGlow WorldTests" */ = {
			isa = XCConfigurationList;
			buildConfigurations = (
				49A288501A9F31E800F3D97B /* Debug */,
				49A288511A9F31E800F3D97B /* Release */,
			);
			defaultConfigurationIsVisible = 0;
		};
/* End XCConfigurationList section */
	};
	rootObject = 49A288251A9F31E800F3D97B /* Project object */;
}
